
Microsoft Visual Studio Solution File, Format Version 12.00
# Visual Studio 15
VisualStudioVersion = 15.0.26430.15
MinimumVisualStudioVersion = 10.0.40219.1
Project("{9A19103F-16F7-4668-BE54-9A1E7A4F7556}") = "IdentityServer4Demo", "IdentityServer4Demo\IdentityServer4Demo.csproj", "{2035ACDB-9494-4C84-BAF9-56005F8C3E87}"
EndProject
Project("{9A19103F-16F7-4668-BE54-9A1E7A4F7556}") = "IS4Demo", "IS4Demo\IS4Demo.csproj", "{EAA3A4D7-7D27-48A9-A6FA-4A72E4A563D6}"
EndProject
Project("{FAE04EC0-301F-11D3-BF4B-00C04F79EFBC}") = "OpenID", "OpenID\OpenID.csproj", "{48078B65-B5BB-4A6C-AEAC-9A007424F1F5}"
EndProject
Global
	GlobalSection(SolutionConfigurationPlatforms) = preSolution
		Debug|Any CPU = Debug|Any CPU
		Release|Any CPU = Release|Any CPU
	EndGlobalSection
	GlobalSection(ProjectConfigurationPlatforms) = postSolution
		{2035ACDB-9494-4C84-BAF9-56005F8C3E87}.Debug|Any CPU.ActiveCfg = Debug|Any CPU
		{2035ACDB-9494-4C84-BAF9-56005F8C3E87}.Debug|Any CPU.Build.0 = Debug|Any CPU
		{2035ACDB-9494-4C84-BAF9-56005F8C3E87}.Release|Any CPU.ActiveCfg = Release|Any CPU
		{2035ACDB-9494-4C84-BAF9-56005F8C3E87}.Release|Any CPU.Build.0 = Release|Any CPU
		{EAA3A4D7-7D27-48A9-A6FA-4A72E4A563D6}.Debug|Any CPU.ActiveCfg = Debug|Any CPU
		{EAA3A4D7-7D27-48A9-A6FA-4A72E4A563D6}.Debug|Any CPU.Build.0 = Debug|Any CPU
		{EAA3A4D7-7D27-48A9-A6FA-4A72E4A563D6}.Release|Any CPU.ActiveCfg = Release|Any CPU
		{EAA3A4D7-7D27-48A9-A6FA-4A72E4A563D6}.Release|Any CPU.Build.0 = Release|Any CPU
		{48078B65-B5BB-4A6C-AEAC-9A007424F1F5}.Debug|Any CPU.ActiveCfg = Debug|Any CPU
		{48078B65-B5BB-4A6C-AEAC-9A007424F1F5}.Debug|Any CPU.Build.0 = Debug|Any CPU
		{48078B65-B5BB-4A6C-AEAC-9A007424F1F5}.Release|Any CPU.ActiveCfg = Release|Any CPU
		{48078B65-B5BB-4A6C-AEAC-9A007424F1F5}.Release|Any CPU.Build.0 = Release|Any CPU
	EndGlobalSection
	GlobalSection(SolutionProperties) = preSolution
		HideSolutionNode = FALSE
	EndGlobalSection
EndGlobal
